
Microsoft Visual Studio Solution File, Format Version 12.00
# Visual Studio Version 17
VisualStudioVersion = 17.13.35825.156 d17.13
MinimumVisualStudioVersion = 10.0.40219.1
Project("{FAE04EC0-301F-11D3-BF4B-00C04F79EFBC}") = "lab8", "lab8.csproj", "{B04E4F21-C79C-4ED7-91C6-39880E43F59D}"
EndProject
Global
	GlobalSection(SolutionConfigurationPlatforms) = preSolution
		Debug|Any CPU = Debug|Any CPU
		Release|Any CPU = Release|Any CPU
	EndGlobalSection
	GlobalSection(ProjectConfigurationPlatforms) = postSolution
		{B04E4F21-C79C-4ED7-91C6-39880E43F59D}.Debug|Any CPU.ActiveCfg = Debug|Any CPU
		{B04E4F21-C79C-4ED7-91C6-39880E43F59D}.Debug|Any CPU.Build.0 = Debug|Any CPU
		{B04E4F21-C79C-4ED7-91C6-39880E43F59D}.Release|Any CPU.ActiveCfg = Release|Any CPU
		{B04E4F21-C79C-4ED7-91C6-39880E43F59D}.Release|Any CPU.Build.0 = Release|Any CPU
	EndGlobalSection
	GlobalSection(SolutionProperties) = preSolution
		HideSolutionNode = FALSE
	EndGlobalSection
	GlobalSection(ExtensibilityGlobals) = postSolution
		SolutionGuid = {D271349C-5808-4455-A920-830C76622984}
	EndGlobalSection
EndGlobal
