
Microsoft Visual Studio Solution File, Format Version 12.00
# Visual Studio Version 17
VisualStudioVersion = 17.13.35825.156 d17.13
MinimumVisualStudioVersion = 10.0.40219.1
Project("{FAE04EC0-301F-11D3-BF4B-00C04F79EFBC}") = "Lab3", "Lab3.csproj", "{63B6EBE6-E5DC-4105-B630-7C318751476C}"
EndProject
Global
	GlobalSection(SolutionConfigurationPlatforms) = preSolution
		Debug|Any CPU = Debug|Any CPU
		Release|Any CPU = Release|Any CPU
	EndGlobalSection
	GlobalSection(ProjectConfigurationPlatforms) = postSolution
		{63B6EBE6-E5DC-4105-B630-7C318751476C}.Debug|Any CPU.ActiveCfg = Debug|Any CPU
		{63B6EBE6-E5DC-4105-B630-7C318751476C}.Debug|Any CPU.Build.0 = Debug|Any CPU
		{63B6EBE6-E5DC-4105-B630-7C318751476C}.Release|Any CPU.ActiveCfg = Release|Any CPU
		{63B6EBE6-E5DC-4105-B630-7C318751476C}.Release|Any CPU.Build.0 = Release|Any CPU
	EndGlobalSection
	GlobalSection(SolutionProperties) = preSolution
		HideSolutionNode = FALSE
	EndGlobalSection
	GlobalSection(ExtensibilityGlobals) = postSolution
		SolutionGuid = {83AEE331-0194-46A1-B0DF-319A3E8AA3D7}
	EndGlobalSection
EndGlobal
