
Microsoft Visual Studio Solution File, Format Version 12.00
# Visual Studio Version 17
VisualStudioVersion = 17.13.35825.156 d17.13
MinimumVisualStudioVersion = 10.0.40219.1
Project("{FAE04EC0-301F-11D3-BF4B-00C04F79EFBC}") = "Lab6", "Lab6.csproj", "{ED80C250-7EF5-4311-91CA-9A6331E70F34}"
EndProject
Global
	GlobalSection(SolutionConfigurationPlatforms) = preSolution
		Debug|Any CPU = Debug|Any CPU
		Release|Any CPU = Release|Any CPU
	EndGlobalSection
	GlobalSection(ProjectConfigurationPlatforms) = postSolution
		{ED80C250-7EF5-4311-91CA-9A6331E70F34}.Debug|Any CPU.ActiveCfg = Debug|Any CPU
		{ED80C250-7EF5-4311-91CA-9A6331E70F34}.Debug|Any CPU.Build.0 = Debug|Any CPU
		{ED80C250-7EF5-4311-91CA-9A6331E70F34}.Release|Any CPU.ActiveCfg = Release|Any CPU
		{ED80C250-7EF5-4311-91CA-9A6331E70F34}.Release|Any CPU.Build.0 = Release|Any CPU
	EndGlobalSection
	GlobalSection(SolutionProperties) = preSolution
		HideSolutionNode = FALSE
	EndGlobalSection
	GlobalSection(ExtensibilityGlobals) = postSolution
		SolutionGuid = {59B3E218-E6C6-4B70-9D56-8E7F30FF9479}
	EndGlobalSection
EndGlobal
